
Microsoft Visual Studio Solution File, Format Version 12.00
# Visual Studio Version 16
VisualStudioVersion = 16.0.809.0
MinimumVisualStudioVersion = 10.0.40219.1
Project("{FAE04EC0-301F-11D3-BF4B-00C04F79EFBC}") = "NumberGuesser", "NumberGuesser\NumberGuesser.csproj", "{7F4709B7-D0F5-464B-A32D-29628B30BE86}"
EndProject
Global
	GlobalSection(SolutionConfigurationPlatforms) = preSolution
		Debug|Any CPU = Debug|Any CPU
		Release|Any CPU = Release|Any CPU
	EndGlobalSection
	GlobalSection(ProjectConfigurationPlatforms) = postSolution
		{7F4709B7-D0F5-464B-A32D-29628B30BE86}.Debug|Any CPU.ActiveCfg = Debug|Any CPU
		{7F4709B7-D0F5-464B-A32D-29628B30BE86}.Debug|Any CPU.Build.0 = Debug|Any CPU
		{7F4709B7-D0F5-464B-A32D-29628B30BE86}.Release|Any CPU.ActiveCfg = Release|Any CPU
		{7F4709B7-D0F5-464B-A32D-29628B30BE86}.Release|Any CPU.Build.0 = Release|Any CPU
	EndGlobalSection
	GlobalSection(SolutionProperties) = preSolution
		HideSolutionNode = FALSE
	EndGlobalSection
	GlobalSection(ExtensibilityGlobals) = postSolution
		SolutionGuid = {5F2D340B-751F-40FB-8EB6-21293B9D846C}
	EndGlobalSection
EndGlobal
